PODS:
  - AFNetworkActivityLogger (3.0.0):
    - AFNetworking/NSURLSession (~> 3.0)
  - AFNetworking (3.2.1):
    - AFNetworking/NSURLSession (= 3.2.1)
    - AFNetworking/Reachability (= 3.2.1)
    - AFNetworking/Security (= 3.2.1)
    - AFNetworking/Serialization (= 3.2.1)
    - AFNetworking/UIKit (= 3.2.1)
  - AFNetworking/NSURLSession (3.2.1):
    - AFNetworking/Reachability
    - AFNetworking/Security
    - AFNetworking/Serialization
  - AFNetworking/Reachability (3.2.1)
  - AFNetworking/Security (3.2.1)
  - AFNetworking/Serialization (3.2.1)
  - AFNetworking/UIKit (3.2.1):
    - AFNetworking/NSURLSession
  - AGAudioPlayer (0.8.0):
    - BASSGaplessAudioPlayer
    - BCColor
    - Interpolate
    - MarqueeLabel
    - NapySlider
  - Appirater (2.3.1)
  - ASImageResize (1.0.3)
  - AXRatingView (1.0.6)
  - BASSGaplessAudioPlayer (0.0.1)
  - BCColor (0.2)
  - ChameleonFramework (2.1.0):
    - ChameleonFramework/Default (= 2.1.0)
  - ChameleonFramework/Default (2.1.0)
  - Crashlytics (3.10.2):
    - Fabric (~> 1.7.7)
  - CSNNotificationObserver (0.9.2)
  - DBGHTMLEntities (1.1.0)
  - DZNEmptyDataSet (1.8.1)
  - EDColor (1.0.1)
  - EGOCache (2.2.0)
  - Fabric (1.7.7)
  - FastImageCache (1.5.1)
  - FCFileManager (1.0.20)
  - Flurry-iOS-SDK (9.0.0):
    - Flurry-iOS-SDK/FlurrySDK (= 9.0.0)
  - Flurry-iOS-SDK/FlurrySDK (9.0.0)
  - FreeStreamer (3.8.3):
    - Reachability (~> 3.0)
  - FXKeychain (1.5.3)
  - GroundControl (3.0.0):
    - AFNetworking
  - Instabug (4.1.10)
  - Interpolate (1.0.0)
  - JSONModel (1.7.0)
  - KissXML (5.2.3)
  - KVOController (1.2.0)
  - LastFm (1.17.0):
    - KissXML (~> 5.2)
  - LLACircularProgressView (0.1.1)
  - MarqueeLabel (3.1.6):
    - MarqueeLabel/ObjC (= 3.1.6)
  - MarqueeLabel/ObjC (3.1.6)
  - NAKPlaybackIndicatorView (0.1.1)
  - NapySlider (0.3.4)
  - NSObject-NSCoding (1.0)
  - ObjectiveSugar (1.1.0)
  - PSUpdateApp (3.0):
    - AFNetworking (~> 3.0)
  - Reachability (3.2)
  - SDCloudUserDefaults (1.0.2)
  - SDWebImage (3.8.2):
    - SDWebImage/Core (= 3.8.2)
  - SDWebImage/Core (3.8.2)
  - SVProgressHUD (2.2.5)
  - SVWebViewController (1.0)
  - TCBlobDownloadSwift (0.1.16)
  - TDBadgedCell (5.3.1)
  - Toast (4.0.0)
  - TTTAttributedLabel (2.0.0)
  - UIActivityIndicator-for-SDWebImage (1.2):
    - SDWebImage (~> 3.7)
  - VTAcknowledgementsViewController (0.17)

DEPENDENCIES:
  - AFNetworkActivityLogger
  - AFNetworking
  - AGAudioPlayer (from `https://github.com/farktronix/AGAudioPlayer.git`)
  - Appirater
  - ASImageResize (from `https://github.com/sealz/ASImageResize`)
  - AXRatingView
  - BASSGaplessAudioPlayer (from `https://github.com/farktronix/gapless-audio-bass-ios.git`)
  - ChameleonFramework
  - Crashlytics
  - CSNNotificationObserver
  - DBGHTMLEntities
  - DZNEmptyDataSet
  - EDColor
  - EGOCache
  - Fabric
  - FastImageCache
  - FCFileManager (~> 1.0.3)
  - Flurry-iOS-SDK
  - FreeStreamer
  - FXKeychain
  - GroundControl (from `https://github.com/gshahbazian/GroundControl.git`)
  - Instabug (~> 4.1)
  - JSONModel
  - KVOController
  - LastFm (from `https://github.com/dflateau/LastFm.git`)
  - LLACircularProgressView
  - MarqueeLabel
  - NAKPlaybackIndicatorView
  - NapySlider (from `https://github.com/farktronix/NapySlider.git`)
  - NSObject-NSCoding (from `https://github.com/alecgorge/NSObject-NSCoding.git`, branch `master`)
  - ObjectiveSugar
  - PSUpdateApp (from `https://github.com/farktronix/PSUpdateApp.git`)
  - SDCloudUserDefaults
  - SDWebImage (~> 3.7)
  - SVProgressHUD (from `https://github.com/SVProgressHUD/SVProgressHUD.git`)
  - SVWebViewController
  - TCBlobDownloadSwift (from `https://github.com/farktronix/TCBlobDownloadSwift.git`)
  - TDBadgedCell
  - Toast
  - TTTAttributedLabel
  - UIActivityIndicator-for-SDWebImage
  - VTAcknowledgementsViewController (~> 0.14)

SPEC REPOS:
  https://github.com/cocoapods/specs.git:
    - AFNetworkActivityLogger
    - AFNetworking
    - Appirater
    - AXRatingView
    - BCColor
    - ChameleonFramework
    - Crashlytics
    - CSNNotificationObserver
    - DBGHTMLEntities
    - DZNEmptyDataSet
    - EDColor
    - EGOCache
    - Fabric
    - FastImageCache
    - FCFileManager
    - Flurry-iOS-SDK
    - FreeStreamer
    - FXKeychain
    - Instabug
    - Interpolate
    - JSONModel
    - KissXML
    - KVOController
    - LLACircularProgressView
    - MarqueeLabel
    - NAKPlaybackIndicatorView
    - ObjectiveSugar
    - Reachability
    - SDCloudUserDefaults
    - SDWebImage
    - SVWebViewController
    - TDBadgedCell
    - Toast
    - TTTAttributedLabel
    - UIActivityIndicator-for-SDWebImage
    - VTAcknowledgementsViewController

EXTERNAL SOURCES:
  AGAudioPlayer:
    :git: https://github.com/farktronix/AGAudioPlayer.git
  ASImageResize:
    :git: https://github.com/sealz/ASImageResize
  BASSGaplessAudioPlayer:
    :git: https://github.com/farktronix/gapless-audio-bass-ios.git
  GroundControl:
    :git: https://github.com/gshahbazian/GroundControl.git
  LastFm:
    :git: https://github.com/dflateau/LastFm.git
  NapySlider:
    :git: https://github.com/farktronix/NapySlider.git
  NSObject-NSCoding:
    :branch: master
    :git: https://github.com/alecgorge/NSObject-NSCoding.git
  PSUpdateApp:
    :git: https://github.com/farktronix/PSUpdateApp.git
  SVProgressHUD:
    :git: https://github.com/SVProgressHUD/SVProgressHUD.git
  TCBlobDownloadSwift:
    :git: https://github.com/farktronix/TCBlobDownloadSwift.git

CHECKOUT OPTIONS:
  AGAudioPlayer:
    :commit: 0b85cea7cb5bc06355a481cd659ce1afedd9d1a8
    :git: https://github.com/farktronix/AGAudioPlayer.git
  ASImageResize:
    :commit: 02486719415322af68d835ec9b030d167537996b
    :git: https://github.com/sealz/ASImageResize
  BASSGaplessAudioPlayer:
    :commit: b325279b207e1f375b51873609cfd435db8a98a7
    :git: https://github.com/farktronix/gapless-audio-bass-ios.git
  GroundControl:
    :commit: f75412c570120fb7ef6ce9af918603d5bc99530a
    :git: https://github.com/gshahbazian/GroundControl.git
  LastFm:
    :commit: 471ca0b815165186a500040d6a19658f48175c24
    :git: https://github.com/dflateau/LastFm.git
  NapySlider:
    :commit: 29a4baa832da53593ed76bd8dac7b1b26f8962df
    :git: https://github.com/farktronix/NapySlider.git
  NSObject-NSCoding:
    :commit: 7965e5766f076c535c0c9a26dc56034cd292487b
    :git: https://github.com/alecgorge/NSObject-NSCoding.git
  PSUpdateApp:
    :commit: 4a9af2ccb49901b1cf7e3d78212c8898407a2ada
    :git: https://github.com/farktronix/PSUpdateApp.git
  SVProgressHUD:
    :commit: 12ef3375791136be10cc8685fa8074ec56a64491
    :git: https://github.com/SVProgressHUD/SVProgressHUD.git
  TCBlobDownloadSwift:
    :commit: ee315f823332831d1c2ad6128fb1f4cdf7102a66
    :git: https://github.com/farktronix/TCBlobDownloadSwift.git

SPEC CHECKSUMS:
  AFNetworkActivityLogger: e77f68d014becb33c4306a23f56a64906ff72670
  AFNetworking: b6f891fdfaed196b46c7a83cf209e09697b94057
  AGAudioPlayer: 6788a6536fd6ba55b1b4cae5f25e4f5d51fe7a87
  Appirater: 44a4651f7912a17dc906b655f0c215d5bb768b84
  ASImageResize: 199e6d10a32b706f8cedb08b8bc041d7125f9261
  AXRatingView: b975cd1a11c6c2e76c8999c166e089ed26f54133
  BASSGaplessAudioPlayer: 5b074495769769192b720c70aa2a60f6f33751f3
  BCColor: 2425540cb0da92795b81a1f15b5289a92279c9eb
  ChameleonFramework: d21a3cc247abfe5e37609a283a8238b03575cf64
  Crashlytics: 0360624eea1c978a743feddb2fb1ef8b37fb7a0d
  CSNNotificationObserver: bf3a8781aba027abb16c2f5a63f1a7b1de044d49
  DBGHTMLEntities: e44329e98c0258ff89508c7915829a04fcfec1b0
  DZNEmptyDataSet: 9525833b9e68ac21c30253e1d3d7076cc828eaa7
  EDColor: 91d127cd67d7c1d3862846fb11ef4b3851151bfa
  EGOCache: 191fd213da6804d487b49b1a91772ba904f3e324
  Fabric: bda89e242bce1b7b8ab264248cf3407774ce0095
  FastImageCache: 2e7a6f677b15336eb3d1a4092a494676256c891d
  FCFileManager: e0f73316e6aa2eb04d2ff4caa75fe7df1ae44270
  Flurry-iOS-SDK: 58e48e417fee667154e4d240040b270b3734d28a
  FreeStreamer: b205b0bf6a2e7855f935369145498f930eb27cac
  FXKeychain: 2fe54573946ffef634f4e2a2851e6c8f4ea15e76
  GroundControl: e4e8ef3b402509611ab2d0c023ebf8842fe080bd
  Instabug: 67d01dc94d780a3eb787563fc7a1c32ef5dd8a1f
  Interpolate: cd0ab81375ff3ec7d9e6023e032f4a29f53df4ad
  JSONModel: 840bc0fcffb24b8454d2c026bf26fea454b8e98d
  KissXML: 09f88ff8161fd058d67b70740b8b516687b52823
  KVOController: d72ace34afea42468329623b3379ab3cd1d286b6
  LastFm: 29ca4352d13ffbb4b523b669f92246a30e1efd43
  LLACircularProgressView: e179b0728217e9013cd07c2fadc7caa0c35b9199
  MarqueeLabel: 0c41f08ef5773e29c0f71064a8fa788a2fd8b365
  NAKPlaybackIndicatorView: f1468937ae3828ef6e9a50feda0781fdfa67dce8
  NapySlider: cdced5cf00e407e0a5f2cb0a6ef826b329cda024
  NSObject-NSCoding: d05f937cc1ea1560294be261ee41d5438ddc7b1b
  ObjectiveSugar: a6a25f23d657c19df0a0b972466d5b5ca9f5295c
  PSUpdateApp: 46100903d1eb4f6deb0726f31bf2e9645aa94b55
  Reachability: 33e18b67625424e47b6cde6d202dce689ad7af96
  SDCloudUserDefaults: cacf733d192160d94364efab8548ae3302615a65
  SDWebImage: 098e97e6176540799c27e804c96653ee0833d13c
  SVProgressHUD: 1428aafac632c1f86f62aa4243ec12008d7a51d6
  SVWebViewController: c36dda7326e81fcae0abf5d02bf7bbf7e41be901
  TCBlobDownloadSwift: 5feedc57af8c115092b7703ac5b155e171f21a39
  TDBadgedCell: d5da3bfc4e3eb27a301f87b1af192917a8638a89
  Toast: 91b396c56ee72a5790816f40d3a94dd357abc196
  TTTAttributedLabel: 8cffe8e127e4e82ff3af1e5386d4cd0ad000b656
  UIActivityIndicator-for-SDWebImage: 7bf7ebbf0ed1747dedc0d6e949c4603a6d0f9e0c
  VTAcknowledgementsViewController: 6056f5f5e5ed995bbf0581bed6ddd29355ca9a80

PODFILE CHECKSUM: 743cf7b761535d78ea524f6e676925daaef44ad4

COCOAPODS: 1.5.3
